// !$*UTF8*$!
{
	archiveVersion = 1;
	classes = {
	};
	objectVersion = 50;
	objects = {

/* Begin PBXBuildFile section */
		34285CEE233D039E0033D2EF /* InfoViewController.swift in Sources */ = {isa = PBXBuildFile; fileRef = 34285CED233D039E0033D2EF /* InfoViewController.swift */; };
		3476780C2344B1ED00ECA547 /* television-dark.png in Resources */ = {isa = PBXBuildFile; fileRef = 3476780B2344B1ED00ECA547 /* television-dark.png */; };
		3494E19D233A146C0085B69F /* AppDelegate.swift in Sources */ = {isa = PBXBuildFile; fileRef = 3494E19C233A146C0085B69F /* AppDelegate.swift */; };
		3494E19F233A146C0085B69F /* SceneDelegate.swift in Sources */ = {isa = PBXBuildFile; fileRef = 3494E19E233A146C0085B69F /* SceneDelegate.swift */; };
		3494E1A1233A146C0085B69F /* ViewController.swift in Sources */ = {isa = PBXBuildFile; fileRef = 3494E1A0233A146C0085B69F /* ViewController.swift */; };
		3494E1A4233A146C0085B69F /* Main.storyboard in Resources */ = {isa = PBXBuildFile; fileRef = 3494E1A2233A146C0085B69F /* Main.storyboard */; };
		3494E1A6233A146E0085B69F /* Assets.xcassets in Resources */ = {isa = PBXBuildFile; fileRef = 3494E1A5233A146E0085B69F /* Assets.xcassets */; };
		3494E1A9233A146E0085B69F /* LaunchScreen.storyboard in Resources */ = {isa = PBXBuildFile; fileRef = 3494E1A7233A146E0085B69F /* LaunchScreen.storyboard */; };
/* End PBXBuildFile section */

/* Begin PBXFileReference section */
		34285CED233D039E0033D2EF /* InfoViewController.swift */ = {isa = PBXFileReference; lastKnownFileType = sourcecode.swift; path = InfoViewController.swift; sourceTree = "<group>"; };
		3476780B2344B1ED00ECA547 /* television-dark.png */ = {isa = PBXFileReference; lastKnownFileType = image.png; path = "television-dark.png"; sourceTree = "<group>"; };
		3494E199233A146C0085B69F /* Dark Knight App.app */ = {isa = PBXFileReference; explicitFileType = wrapper.application; includeInIndex = 0; path = "Dark Knight App.app"; sourceTree = BUILT_PRODUCTS_DIR; };
		3494E19C233A146C0085B69F /* AppDelegate.swift */ = {isa = PBXFileReference; lastKnownFileType = sourcecode.swift; path = AppDelegate.swift; sourceTree = "<group>"; };
		3494E19E233A146C0085B69F /* SceneDelegate.swift */ = {isa = PBXFileReference; lastKnownFileType = sourcecode.swift; path = SceneDelegate.swift; sourceTree = "<group>"; };
		3494E1A0233A146C0085B69F /* ViewController.swift */ = {isa = PBXFileReference; lastKnownFileType = sourcecode.swift; path = ViewController.swift; sourceTree = "<group>"; };
		3494E1A3233A146C0085B69F /* Base */ = {isa = PBXFileReference; lastKnownFileType = file.storyboard; name = Base; path = Base.lproj/Main.storyboard; sourceTree = "<group>"; };
		3494E1A5233A146E0085B69F /* Assets.xcassets */ = {isa = PBXFileReference; lastKnownFileType = folder.assetcatalog; path = Assets.xcassets; sourceTree = "<group>"; };
		3494E1A8233A146E0085B69F /* Base */ = {isa = PBXFileReference; lastKnownFileType = file.storyboard; name = Base; path = Base.lproj/LaunchScreen.storyboard; sourceTree = "<group>"; };
		3494E1AA233A146E0085B69F /* Info.plist */ = {isa = PBXFileReference; lastKnownFileType = text.plist.xml; path = Info.plist; sourceTree = "<group>"; };
/* End PBXFileReference section */

/* Begin PBXFrameworksBuildPhase section */
		3494E196233A146C0085B69F /* Frameworks */ = {
			isa = PBXFrameworksBuildPhase;
			buildActionMask = 2147483647;
			files = (
			);
			runOnlyForDeploymentPostprocessing = 0;
		};
/* End PBXFrameworksBuildPhase section */

/* Begin PBXGroup section */
		3476780A2344B0FC00ECA547 /* Images */ = {
			isa = PBXGroup;
			children = (
				3476780B2344B1ED00ECA547 /* television-dark.png */,
			);
			path = Images;
			sourceTree = "<group>";
		};
		3494E190233A146C0085B69F = {
			isa = PBXGroup;
			children = (
				3494E19B233A146C0085B69F /* Dark Knight App */,
				3494E19A233A146C0085B69F /* Products */,
			);
			sourceTree = "<group>";
		};
		3494E19A233A146C0085B69F /* Products */ = {
			isa = PBXGroup;
			children = (
				3494E199233A146C0085B69F /* Dark Knight App.app */,
			);
			name = Products;
			sourceTree = "<group>";
		};
		3494E19B233A146C0085B69F /* Dark Knight App */ = {
			isa = PBXGroup;
			children = (
				3476780A2344B0FC00ECA547 /* Images */,
				3494E19C233A146C0085B69F /* AppDelegate.swift */,
				3494E19E233A146C0085B69F /* SceneDelegate.swift */,
				3494E1A0233A146C0085B69F /* ViewController.swift */,
				34285CED233D039E0033D2EF /* InfoViewController.swift */,
				3494E1A2233A146C0085B69F /* Main.storyboard */,
				3494E1A5233A146E0085B69F /* Assets.xcassets */,
				3494E1A7233A146E0085B69F /* LaunchScreen.storyboard */,
				3494E1AA233A146E0085B69F /* Info.plist */,
			);
			path = "Dark Knight App";
			sourceTree = "<group>";
		};
/* End PBXGroup section */

/* Begin PBXNativeTarget section */
		3494E198233A146C0085B69F /* Dark Knight App */ = {
			isa = PBXNativeTarget;
			buildConfigurationList = 3494E1AD233A146E0085B69F /* Build configuration list for PBXNativeTarget "Dark Knight App" */;
			buildPhases = (
				3494E195233A146C0085B69F /* Sources */,
				3494E196233A146C0085B69F /* Frameworks */,
				3494E197233A146C0085B69F /* Resources */,
			);
			buildRules = (
			);
			dependencies = (
			);
			name = "Dark Knight App";
			productName = "Dark Knight App";
			productReference = 3494E199233A146C0085B69F /* Dark Knight App.app */;
			productType = "com.apple.product-type.application";
		};
/* End PBXNativeTarget section */

/* Begin PBXProject section */
		3494E191233A146C0085B69F /* Project object */ = {
			isa = PBXProject;
			attributes = {
				LastSwiftUpdateCheck = 1100;
				LastUpgradeCheck = 1100;
				ORGANIZATIONNAME = "Pribelszki Levente";
				TargetAttributes = {
					3494E198233A146C0085B69F = {
						CreatedOnToolsVersion = 11.0;
					};
				};
			};
			buildConfigurationList = 3494E194233A146C0085B69F /* Build configuration list for PBXProject "Dark Knight App" */;
			compatibilityVersion = "Xcode 9.3";
			developmentRegion = en;
			hasScannedForEncodings = 0;
			knownRegions = (
				en,
				Base,
			);
			mainGroup = 3494E190233A146C0085B69F;
			productRefGroup = 3494E19A233A146C0085B69F /* Products */;
			projectDirPath = "";
			projectRoot = "";
			targets = (
				3494E198233A146C0085B69F /* Dark Knight App */,
			);
		};
/* End PBXProject section */

/* Begin PBXResourcesBuildPhase section */
		3494E197233A146C0085B69F /* Resources */ = {
			isa = PBXResourcesBuildPhase;
			buildActionMask = 2147483647;
			files = (
				3494E1A9233A146E0085B69F /* LaunchScreen.storyboard in Resources */,
				3494E1A6233A146E0085B69F /* Assets.xcassets in Resources */,
				3494E1A4233A146C0085B69F /* Main.storyboard in Resources */,
				3476780C2344B1ED00ECA547 /* television-dark.png in Resources */,
			);
			runOnlyForDeploymentPostprocessing = 0;
		};
/* End PBXResourcesBuildPhase section */

/* Begin PBXSourcesBuildPhase section */
		3494E195233A146C0085B69F /* Sources */ = {
			isa = PBXSourcesBuildPhase;
			buildActionMask = 2147483647;
			files = (
				3494E1A1233A146C0085B69F /* ViewController.swift in Sources */,
				34285CEE233D039E0033D2EF /* InfoViewController.swift in Sources */,
				3494E19D233A146C0085B69F /* AppDelegate.swift in Sources */,
				3494E19F233A146C0085B69F /* SceneDelegate.swift in Sources */,
			);
			runOnlyForDeploymentPostprocessing = 0;
		};
/* End PBXSourcesBuildPhase section */

/* Begin PBXVariantGroup section */
		3494E1A2233A146C0085B69F /* Main.storyboard */ = {
			isa = PBXVariantGroup;
			children = (
				3494E1A3233A146C0085B69F /* Base */,
			);
			name = Main.storyboard;
			sourceTree = "<group>";
		};
		3494E1A7233A146E0085B69F /* LaunchScreen.storyboard */ = {
			isa = PBXVariantGroup;
			children = (
				3494E1A8233A146E0085B69F /* Base */,
			);
			name = LaunchScreen.storyboard;
			sourceTree = "<group>";
		};
/* End PBXVariantGroup section */

/* Begin XCBuildConfiguration section */
		3494E1AB233A146E0085B69F /* Debug */ = {
			isa = XCBuildConfiguration;
			buildSettings = {
				ALWAYS_SEARCH_USER_PATHS = NO;
				CLANG_ANALYZER_NONNULL = YES;
				CLANG_ANALYZER_NUMBER_OBJECT_CONVERSION = YES_AGGRESSIVE;
				CLANG_CXX_LANGUAGE_STANDARD = "gnu++14";
				CLANG_CXX_LIBRARY = "libc++";
				CLANG_ENABLE_MODULES = YES;
				CLANG_ENABLE_OBJC_ARC = YES;
				CLANG_ENABLE_OBJC_WEAK = YES;
				CLANG_WARN_BLOCK_CAPTURE_AUTORELEASING = YES;
				CLANG_WARN_BOOL_CONVERSION = YES;
				CLANG_WARN_COMMA = YES;
				CLANG_WARN_CONSTANT_CONVERSION = YES;
				CLANG_WARN_DEPRECATED_OBJC_IMPLEMENTATIONS = YES;
				CLANG_WARN_DIRECT_OBJC_ISA_USAGE = YES_ERROR;
				CLANG_WARN_DOCUMENTATION_COMMENTS = YES;
				CLANG_WARN_EMPTY_BODY = YES;
				CLANG_WARN_ENUM_CONVERSION = YES;
				CLANG_WARN_INFINITE_RECURSION = YES;
				CLANG_WARN_INT_CONVERSION = YES;
				CLANG_WARN_NON_LITERAL_NULL_CONVERSION = YES;
				CLANG_WARN_OBJC_IMPLICIT_RETAIN_SELF = YES;
				CLANG_WARN_OBJC_LITERAL_CONVERSION = YES;
				CLANG_WARN_OBJC_ROOT_CLASS = YES_ERROR;
				CLANG_WARN_RANGE_LOOP_ANALYSIS = YES;
				CLANG_WARN_STRICT_PROTOTYPES = YES;
				CLANG_WARN_SUSPICIOUS_MOVE = YES;
				CLANG_WARN_UNGUARDED_AVAILABILITY = YES_AGGRESSIVE;
				CLANG_WARN_UNREACHABLE_CODE = YES;
				CLANG_WARN__DUPLICATE_METHOD_MATCH = YES;
				COPY_PHASE_STRIP = NO;
				DEBUG_INFORMATION_FORMAT = dwarf;
				ENABLE_STRICT_OBJC_MSGSEND = YES;
				ENABLE_TESTABILITY = YES;
				GCC_C_LANGUAGE_STANDARD = gnu11;
				GCC_DYNAMIC_NO_PIC = NO;
				GCC_NO_COMMON_BLOCKS = YES;
				GCC_OPTIMIZATION_LEVEL = 0;
				GCC_PREPROCESSOR_DEFINITIONS = (
					"DEBUG=1",
					"$(inherited)",
				);
				GCC_WARN_64_TO_32_BIT_CONVERSION = YES;
				GCC_WARN_ABOUT_RETURN_TYPE = YES_ERROR;
				GCC_WARN_UNDECLARED_SELECTOR = YES;
				GCC_WARN_UNINITIALIZED_AUTOS = YES_AGGRESSIVE;
				GCC_WARN_UNUSED_FUNCTION = YES;
				GCC_WARN_UNUSED_VARIABLE = YES;
				IPHONEOS_DEPLOYMENT_TARGET = 13.0;
				MTL_ENABLE_DEBUG_INFO = INCLUDE_SOURCE;
				MTL_FAST_MATH = YES;
				ONLY_ACTIVE_ARCH = YES;
				SDKROOT = iphoneos;
				SWIFT_ACTIVE_COMPILATION_CONDITIONS = DEBUG;
				SWIFT_OPTIMIZATION_LEVEL = "-Onone";
			};
			name = Debug;
		};
		3494E1AC233A146E0085B69F /* Release */ = {
			isa = XCBuildConfiguration;
			buildSettings = {
				ALWAYS_SEARCH_USER_PATHS = NO;
				CLANG_ANALYZER_NONNULL = YES;
				CLANG_ANALYZER_NUMBER_OBJECT_CONVERSION = YES_AGGRESSIVE;
				CLANG_CXX_LANGUAGE_STANDARD = "gnu++14";
				CLANG_CXX_LIBRARY = "libc++";
				CLANG_ENABLE_MODULES = YES;
				CLANG_ENABLE_OBJC_ARC = YES;
				CLANG_ENABLE_OBJC_WEAK = YES;
				CLANG_WARN_BLOCK_CAPTURE_AUTORELEASING = YES;
				CLANG_WARN_BOOL_CONVERSION = YES;
				CLANG_WARN_COMMA = YES;
				CLANG_WARN_CONSTANT_CONVERSION = YES;
				CLANG_WARN_DEPRECATED_OBJC_IMPLEMENTATIONS = YES;
				CLANG_WARN_DIRECT_OBJC_ISA_USAGE = YES_ERROR;
				CLANG_WARN_DOCUMENTATION_COMMENTS = YES;
				CLANG_WARN_EMPTY_BODY = YES;
				CLANG_WARN_ENUM_CONVERSION = YES;
				CLANG_WARN_INFINITE_RECURSION = YES;
				CLANG_WARN_INT_CONVERSION = YES;
				CLANG_WARN_NON_LITERAL_NULL_CONVERSION = YES;
				CLANG_WARN_OBJC_IMPLICIT_RETAIN_SELF = YES;
				CLANG_WARN_OBJC_LITERAL_CONVERSION = YES;
				CLANG_WARN_OBJC_ROOT_CLASS = YES_ERROR;
				CLANG_WARN_RANGE_LOOP_ANALYSIS = YES;
				CLANG_WARN_STRICT_PROTOTYPES = YES;
				CLANG_WARN_SUSPICIOUS_MOVE = YES;
				CLANG_WARN_UNGUARDED_AVAILABILITY = YES_AGGRESSIVE;
				CLANG_WARN_UNREACHABLE_CODE = YES;
				CLANG_WARN__DUPLICATE_METHOD_MATCH = YES;
				COPY_PHASE_STRIP = NO;
				DEBUG_INFORMATION_FORMAT = "dwarf-with-dsym";
				ENABLE_NS_ASSERTIONS = NO;
				ENABLE_STRICT_OBJC_MSGSEND = YES;
				GCC_C_LANGUAGE_STANDARD = gnu11;
				GCC_NO_COMMON_BLOCKS = YES;
				GCC_WARN_64_TO_32_BIT_CONVERSION = YES;
				GCC_WARN_ABOUT_RETURN_TYPE = YES_ERROR;
				GCC_WARN_UNDECLARED_SELECTOR = YES;
				GCC_WARN_UNINITIALIZED_AUTOS = YES_AGGRESSIVE;
				GCC_WARN_UNUSED_FUNCTION = YES;
				GCC_WARN_UNUSED_VARIABLE = YES;
				IPHONEOS_DEPLOYMENT_TARGET = 13.0;
				MTL_ENABLE_DEBUG_INFO = NO;
				MTL_FAST_MATH = YES;
				SDKROOT = iphoneos;
				SWIFT_COMPILATION_MODE = wholemodule;
				SWIFT_OPTIMIZATION_LEVEL = "-O";
				VALIDATE_PRODUCT = YES;
			};
			name = Release;
		};
		3494E1AE233A146E0085B69F /* Debug */ = {
			isa = XCBuildConfiguration;
			buildSettings = {
				ASSETCATALOG_COMPILER_APPICON_NAME = AppIcon;
				CODE_SIGN_STYLE = Automatic;
				DEVELOPMENT_TEAM = 65Q2BCUSW6;
				INFOPLIST_FILE = "Dark Knight App/Info.plist";
				LD_RUNPATH_SEARCH_PATHS = (
					"$(inherited)",
					"@executable_path/Frameworks",
				);
				PRODUCT_BUNDLE_IDENTIFIER = "levente.pribelszki.dark.night.app.Dark-Knight-App";
				PRODUCT_NAME = "$(TARGET_NAME)";
				SWIFT_VERSION = 5.0;
				TARGETED_DEVICE_FAMILY = "1,2";
			};
			name = Debug;
		};
		3494E1AF233A146E0085B69F /* Release */ = {
			isa = XCBuildConfiguration;
			buildSettings = {
				ASSETCATALOG_COMPILER_APPICON_NAME = AppIcon;
				CODE_SIGN_STYLE = Automatic;
				DEVELOPMENT_TEAM = 65Q2BCUSW6;
				INFOPLIST_FILE = "Dark Knight App/Info.plist";
				LD_RUNPATH_SEARCH_PATHS = (
					"$(inherited)",
					"@executable_path/Frameworks",
				);
				PRODUCT_BUNDLE_IDENTIFIER = "levente.pribelszki.dark.night.app.Dark-Knight-App";
				PRODUCT_NAME = "$(TARGET_NAME)";
				SWIFT_VERSION = 5.0;
				TARGETED_DEVICE_FAMILY = "1,2";
			};
			name = Release;
		};
/* End XCBuildConfiguration section */

/* Begin XCConfigurationList section */
		3494E194233A146C0085B69F /* Build configuration list for PBXProject "Dark Knight App" */ = {
			isa = XCConfigurationList;
			buildConfigurations = (
				3494E1AB233A146E0085B69F /* Debug */,
				3494E1AC233A146E0085B69F /* Release */,
			);
			defaultConfigurationIsVisible = 0;
			defaultConfigurationName = Release;
		};
		3494E1AD233A146E0085B69F /* Build configuration list for PBXNativeTarget "Dark Knight App" */ = {
			isa = XCConfigurationList;
			buildConfigurations = (
				3494E1AE233A146E0085B69F /* Debug */,
				3494E1AF233A146E0085B69F /* Release */,
			);
			defaultConfigurationIsVisible = 0;
			defaultConfigurationName = Release;
		};
/* End XCConfigurationList section */
	};
	rootObject = 3494E191233A146C0085B69F /* Project object */;
}
